
Microsoft Visual Studio Solution File, Format Version 12.00
# Visual Studio Version 17
VisualStudioVersion = 17.9.34728.123
MinimumVisualStudioVersion = 10.0.40219.1
Project("{9A19103F-16F7-4668-BE54-9A1E7A4F7556}") = "DigitacaoProposta", "DigitacaoProposta\DigitacaoProposta.csproj", "{D3F5C257-FD6F-4EAB-BAC6-ED2E85AC71EE}"
EndProject
Project("{FAE04EC0-301F-11D3-BF4B-00C04F79EFBC}") = "Testes", "Testes\Testes.csproj", "{02854945-8031-4EE6-8A6A-7B59739AA1B5}"
EndProject
Global
	GlobalSection(SolutionConfigurationPlatforms) = preSolution
		Debug|Any CPU = Debug|Any CPU
		Release|Any CPU = Release|Any CPU
	EndGlobalSection
	GlobalSection(ProjectConfigurationPlatforms) = postSolution
		{D3F5C257-FD6F-4EAB-BAC6-ED2E85AC71EE}.Debug|Any CPU.ActiveCfg = Debug|Any CPU
		{D3F5C257-FD6F-4EAB-BAC6-ED2E85AC71EE}.Debug|Any CPU.Build.0 = Debug|Any CPU
		{D3F5C257-FD6F-4EAB-BAC6-ED2E85AC71EE}.Release|Any CPU.ActiveCfg = Release|Any CPU
		{D3F5C257-FD6F-4EAB-BAC6-ED2E85AC71EE}.Release|Any CPU.Build.0 = Release|Any CPU
		{02854945-8031-4EE6-8A6A-7B59739AA1B5}.Debug|Any CPU.ActiveCfg = Debug|Any CPU
		{02854945-8031-4EE6-8A6A-7B59739AA1B5}.Debug|Any CPU.Build.0 = Debug|Any CPU
		{02854945-8031-4EE6-8A6A-7B59739AA1B5}.Release|Any CPU.ActiveCfg = Release|Any CPU
		{02854945-8031-4EE6-8A6A-7B59739AA1B5}.Release|Any CPU.Build.0 = Release|Any CPU
	EndGlobalSection
	GlobalSection(SolutionProperties) = preSolution
		HideSolutionNode = FALSE
	EndGlobalSection
	GlobalSection(ExtensibilityGlobals) = postSolution
		SolutionGuid = {9940F7F0-2E61-428E-9DC8-C00E00FA522A}
	EndGlobalSection
EndGlobal
